
Microsoft Visual Studio Solution File, Format Version 12.00
# Visual Studio Version 17
VisualStudioVersion = 17.9.34622.214
MinimumVisualStudioVersion = 10.0.40219.1
Project("{FAE04EC0-301F-11D3-BF4B-00C04F79EFBC}") = "Entities", "Entities\Entities.csproj", "{97A83332-107A-439C-8C5D-94B2C655853F}"
EndProject
Project("{FAE04EC0-301F-11D3-BF4B-00C04F79EFBC}") = "WebAPI", "WebAPI\WebAPI.csproj", "{5FA6F952-DEDB-4C4D-B2CD-10E0055E8085}"
EndProject
Project("{FAE04EC0-301F-11D3-BF4B-00C04F79EFBC}") = "Repositories", "Repositories\Repositories.csproj", "{275C2ECC-B636-438E-BF01-8469C9C9E178}"
EndProject
Project("{FAE04EC0-301F-11D3-BF4B-00C04F79EFBC}") = "Services", "Services\Services.csproj", "{95ABCA29-5B74-41C8-A318-6E34AE239795}"
EndProject
Project("{FAE04EC0-301F-11D3-BF4B-00C04F79EFBC}") = "Presentation", "Presentation\Presentation.csproj", "{F2A1A1B0-BCF4-4E2D-ADB6-1293D9FF82EC}"
EndProject
Global
	GlobalSection(SolutionConfigurationPlatforms) = preSolution
		Debug|Any CPU = Debug|Any CPU
		Release|Any CPU = Release|Any CPU
	EndGlobalSection
	GlobalSection(ProjectConfigurationPlatforms) = postSolution
		{97A83332-107A-439C-8C5D-94B2C655853F}.Debug|Any CPU.ActiveCfg = Debug|Any CPU
		{97A83332-107A-439C-8C5D-94B2C655853F}.Debug|Any CPU.Build.0 = Debug|Any CPU
		{97A83332-107A-439C-8C5D-94B2C655853F}.Release|Any CPU.ActiveCfg = Release|Any CPU
		{97A83332-107A-439C-8C5D-94B2C655853F}.Release|Any CPU.Build.0 = Release|Any CPU
		{5FA6F952-DEDB-4C4D-B2CD-10E0055E8085}.Debug|Any CPU.ActiveCfg = Debug|Any CPU
		{5FA6F952-DEDB-4C4D-B2CD-10E0055E8085}.Debug|Any CPU.Build.0 = Debug|Any CPU
		{5FA6F952-DEDB-4C4D-B2CD-10E0055E8085}.Release|Any CPU.ActiveCfg = Release|Any CPU
		{5FA6F952-DEDB-4C4D-B2CD-10E0055E8085}.Release|Any CPU.Build.0 = Release|Any CPU
		{275C2ECC-B636-438E-BF01-8469C9C9E178}.Debug|Any CPU.ActiveCfg = Debug|Any CPU
		{275C2ECC-B636-438E-BF01-8469C9C9E178}.Debug|Any CPU.Build.0 = Debug|Any CPU
		{275C2ECC-B636-438E-BF01-8469C9C9E178}.Release|Any CPU.ActiveCfg = Release|Any CPU
		{275C2ECC-B636-438E-BF01-8469C9C9E178}.Release|Any CPU.Build.0 = Release|Any CPU
		{95ABCA29-5B74-41C8-A318-6E34AE239795}.Debug|Any CPU.ActiveCfg = Debug|Any CPU
		{95ABCA29-5B74-41C8-A318-6E34AE239795}.Debug|Any CPU.Build.0 = Debug|Any CPU
		{95ABCA29-5B74-41C8-A318-6E34AE239795}.Release|Any CPU.ActiveCfg = Release|Any CPU
		{95ABCA29-5B74-41C8-A318-6E34AE239795}.Release|Any CPU.Build.0 = Release|Any CPU
		{F2A1A1B0-BCF4-4E2D-ADB6-1293D9FF82EC}.Debug|Any CPU.ActiveCfg = Debug|Any CPU
		{F2A1A1B0-BCF4-4E2D-ADB6-1293D9FF82EC}.Debug|Any CPU.Build.0 = Debug|Any CPU
		{F2A1A1B0-BCF4-4E2D-ADB6-1293D9FF82EC}.Release|Any CPU.ActiveCfg = Release|Any CPU
		{F2A1A1B0-BCF4-4E2D-ADB6-1293D9FF82EC}.Release|Any CPU.Build.0 = Release|Any CPU
	EndGlobalSection
	GlobalSection(SolutionProperties) = preSolution
		HideSolutionNode = FALSE
	EndGlobalSection
	GlobalSection(ExtensibilityGlobals) = postSolution
		SolutionGuid = {0967BCB0-26A4-4272-9531-972455A088F4}
	EndGlobalSection
EndGlobal
